// !$*UTF8*$!
{
	archiveVersion = 1;
	classes = {
	};
	objectVersion = 77;
	objects = {

/* Begin PBXBuildFile section */
		04CFDDC12D6E89BA0085F500 /* ECE564Login in Frameworks */ = {isa = PBXBuildFile; productRef = 04CFDDC02D6E89BA0085F500 /* ECE564Login */; };
/* End PBXBuildFile section */

/* Begin PBXContainerItemProxy section */
		04CFDCFE2D6E6ECD0085F500 /* PBXContainerItemProxy */ = {
			isa = PBXContainerItemProxy;
			containerPortal = 04CFDCE32D6E6EC90085F500 /* Project object */;
			proxyType = 1;
			remoteGlobalIDString = 04CFDCEA2D6E6EC90085F500;
			remoteInfo = Rundong;
		};
		04CFDD082D6E6ECD0085F500 /* PBXContainerItemProxy */ = {
			isa = PBXContainerItemProxy;
			containerPortal = 04CFDCE32D6E6EC90085F500 /* Project object */;
			proxyType = 1;
			remoteGlobalIDString = 04CFDCEA2D6E6EC90085F500;
			remoteInfo = Rundong;
		};
/* End PBXContainerItemProxy section */

/* Begin PBXFileReference section */
		04CFDCEB2D6E6EC90085F500 /* Rundong.app */ = {isa = PBXFileReference; explicitFileType = wrapper.application; includeInIndex = 0; path = Rundong.app; sourceTree = BUILT_PRODUCTS_DIR; };
		04CFDCFD2D6E6ECD0085F500 /* RundongTests.xctest */ = {isa = PBXFileReference; explicitFileType = wrapper.cfbundle; includeInIndex = 0; path = RundongTests.xctest; sourceTree = BUILT_PRODUCTS_DIR; };
		04CFDD072D6E6ECD0085F500 /* RundongUITests.xctest */ = {isa = PBXFileReference; explicitFileType = wrapper.cfbundle; includeInIndex = 0; path = RundongUITests.xctest; sourceTree = BUILT_PRODUCTS_DIR; };
/* End PBXFileReference section */

/* Begin PBXFileSystemSynchronizedBuildFileExceptionSet section */
		04CFDE062D6E8E370085F500 /* Exceptions for "Rundong" folder in "Rundong" target */ = {
			isa = PBXFileSystemSynchronizedBuildFileExceptionSet;
			membershipExceptions = (
				Info.plist,
			);
			target = 04CFDCEA2D6E6EC90085F500 /* Rundong */;
		};
/* End PBXFileSystemSynchronizedBuildFileExceptionSet section */

/* Begin PBXFileSystemSynchronizedRootGroup section */
		04CFDCED2D6E6EC90085F500 /* Rundong */ = {
			isa = PBXFileSystemSynchronizedRootGroup;
			exceptions = (
				04CFDE062D6E8E370085F500 /* Exceptions for "Rundong" folder in "Rundong" target */,
			);
			path = Rundong;
			sourceTree = "<group>";
		};
		04CFDD002D6E6ECD0085F500 /* RundongTests */ = {
			isa = PBXFileSystemSynchronizedRootGroup;
			path = RundongTests;
			sourceTree = "<group>";
		};
		04CFDD0A2D6E6ECD0085F500 /* RundongUITests */ = {
			isa = PBXFileSystemSynchronizedRootGroup;
			path = RundongUITests;
			sourceTree = "<group>";
		};
/* End PBXFileSystemSynchronizedRootGroup section */

/* Begin PBXFrameworksBuildPhase section */
		04CFDCE82D6E6EC90085F500 /* Frameworks */ = {
			isa = PBXFrameworksBuildPhase;
			buildActionMask = 2147483647;
			files = (
				04CFDDC12D6E89BA0085F500 /* ECE564Login in Frameworks */,
			);
			runOnlyForDeploymentPostprocessing = 0;
		};
		04CFDCFA2D6E6ECD0085F500 /* Frameworks */ = {
			isa = PBXFrameworksBuildPhase;
			buildActionMask = 2147483647;
			files = (
			);
			runOnlyForDeploymentPostprocessing = 0;
		};
		04CFDD042D6E6ECD0085F500 /* Frameworks */ = {
			isa = PBXFrameworksBuildPhase;
			buildActionMask = 2147483647;
			files = (
			);
			runOnlyForDeploymentPostprocessing = 0;
		};
/* End PBXFrameworksBuildPhase section */

/* Begin PBXGroup section */
		04CFDCE22D6E6EC90085F500 = {
			isa = PBXGroup;
			children = (
				04CFDCED2D6E6EC90085F500 /* Rundong */,
				04CFDD002D6E6ECD0085F500 /* RundongTests */,
				04CFDD0A2D6E6ECD0085F500 /* RundongUITests */,
				04CFDDBC2D6E89300085F500 /* Frameworks */,
				04CFDCEC2D6E6EC90085F500 /* Products */,
			);
			sourceTree = "<group>";
		};
		04CFDCEC2D6E6EC90085F500 /* Products */ = {
			isa = PBXGroup;
			children = (
				04CFDCEB2D6E6EC90085F500 /* Rundong.app */,
				04CFDCFD2D6E6ECD0085F500 /* RundongTests.xctest */,
				04CFDD072D6E6ECD0085F500 /* RundongUITests.xctest */,
			);
			name = Products;
			sourceTree = "<group>";
		};
		04CFDDBC2D6E89300085F500 /* Frameworks */ = {
			isa = PBXGroup;
			children = (
			);
			name = Frameworks;
			sourceTree = "<group>";
		};
/* End PBXGroup section */

/* Begin PBXNativeTarget section */
		04CFDCEA2D6E6EC90085F500 /* Rundong */ = {
			isa = PBXNativeTarget;
			buildConfigurationList = 04CFDD112D6E6ECD0085F500 /* Build configuration list for PBXNativeTarget "Rundong" */;
			buildPhases = (
				04CFDCE72D6E6EC90085F500 /* Sources */,
				04CFDCE82D6E6EC90085F500 /* Frameworks */,
				04CFDCE92D6E6EC90085F500 /* Resources */,
			);
			buildRules = (
			);
			dependencies = (
			);
			fileSystemSynchronizedGroups = (
				04CFDCED2D6E6EC90085F500 /* Rundong */,
			);
			name = Rundong;
			packageProductDependencies = (
				04CFDDC02D6E89BA0085F500 /* ECE564Login */,
			);
			productName = Rundong;
			productReference = 04CFDCEB2D6E6EC90085F500 /* Rundong.app */;
			productType = "com.apple.product-type.application";
		};
		04CFDCFC2D6E6ECD0085F500 /* RundongTests */ = {
			isa = PBXNativeTarget;
			buildConfigurationList = 04CFDD142D6E6ECD0085F500 /* Build configuration list for PBXNativeTarget "RundongTests" */;
			buildPhases = (
				04CFDCF92D6E6ECD0085F500 /* Sources */,
				04CFDCFA2D6E6ECD0085F500 /* Frameworks */,
				04CFDCFB2D6E6ECD0085F500 /* Resources */,
			);
			buildRules = (
			);
			dependencies = (
				04CFDCFF2D6E6ECD0085F500 /* PBXTargetDependency */,
			);
			fileSystemSynchronizedGroups = (
				04CFDD002D6E6ECD0085F500 /* RundongTests */,
			);
			name = RundongTests;
			packageProductDependencies = (
			);
			productName = RundongTests;
			productReference = 04CFDCFD2D6E6ECD0085F500 /* RundongTests.xctest */;
			productType = "com.apple.product-type.bundle.unit-test";
		};
		04CFDD062D6E6ECD0085F500 /* RundongUITests */ = {
			isa = PBXNativeTarget;
			buildConfigurationList = 04CFDD172D6E6ECD0085F500 /* Build configuration list for PBXNativeTarget "RundongUITests" */;
			buildPhases = (
				04CFDD032D6E6ECD0085F500 /* Sources */,
				04CFDD042D6E6ECD0085F500 /* Frameworks */,
				04CFDD052D6E6ECD0085F500 /* Resources */,
			);
			buildRules = (
			);
			dependencies = (
				04CFDD092D6E6ECD0085F500 /* PBXTargetDependency */,
			);
			fileSystemSynchronizedGroups = (
				04CFDD0A2D6E6ECD0085F500 /* RundongUITests */,
			);
			name = RundongUITests;
			packageProductDependencies = (
			);
			productName = RundongUITests;
			productReference = 04CFDD072D6E6ECD0085F500 /* RundongUITests.xctest */;
			productType = "com.apple.product-type.bundle.ui-testing";
		};
/* End PBXNativeTarget section */

/* Begin PBXProject section */
		04CFDCE32D6E6EC90085F500 /* Project object */ = {
			isa = PBXProject;
			attributes = {
				BuildIndependentTargetsInParallel = 1;
				LastSwiftUpdateCheck = 1620;
				LastUpgradeCheck = 1620;
				TargetAttributes = {
					04CFDCEA2D6E6EC90085F500 = {
						CreatedOnToolsVersion = 16.2;
					};
					04CFDCFC2D6E6ECD0085F500 = {
						CreatedOnToolsVersion = 16.2;
						TestTargetID = 04CFDCEA2D6E6EC90085F500;
					};
					04CFDD062D6E6ECD0085F500 = {
						CreatedOnToolsVersion = 16.2;
						TestTargetID = 04CFDCEA2D6E6EC90085F500;
					};
				};
			};
			buildConfigurationList = 04CFDCE62D6E6EC90085F500 /* Build configuration list for PBXProject "Rundong" */;
			developmentRegion = en;
			hasScannedForEncodings = 0;
			knownRegions = (
				en,
				Base,
			);
			mainGroup = 04CFDCE22D6E6EC90085F500;
			minimizedProjectReferenceProxies = 1;
			packageReferences = (
				04CFDDBF2D6E89BA0085F500 /* XCRemoteSwiftPackageReference "ece564login" */,
			);
			preferredProjectObjectVersion = 77;
			productRefGroup = 04CFDCEC2D6E6EC90085F500 /* Products */;
			projectDirPath = "";
			projectRoot = "";
			targets = (
				04CFDCEA2D6E6EC90085F500 /* Rundong */,
				04CFDCFC2D6E6ECD0085F500 /* RundongTests */,
				04CFDD062D6E6ECD0085F500 /* RundongUITests */,
			);
		};
/* End PBXProject section */

/* Begin PBXResourcesBuildPhase section */
		04CFDCE92D6E6EC90085F500 /* Resources */ = {
			isa = PBXResourcesBuildPhase;
			buildActionMask = 2147483647;
			files = (
			);
			runOnlyForDeploymentPostprocessing = 0;
		};
		04CFDCFB2D6E6ECD0085F500 /* Resources */ = {
			isa = PBXResourcesBuildPhase;
			buildActionMask = 2147483647;
			files = (
			);
			runOnlyForDeploymentPostprocessing = 0;
		};
		04CFDD052D6E6ECD0085F500 /* Resources */ = {
			isa = PBXResourcesBuildPhase;
			buildActionMask = 2147483647;
			files = (
			);
			runOnlyForDeploymentPostprocessing = 0;
		};
/* End PBXResourcesBuildPhase section */

/* Begin PBXSourcesBuildPhase section */
		04CFDCE72D6E6EC90085F500 /* Sources */ = {
			isa = PBXSourcesBuildPhase;
			buildActionMask = 2147483647;
			files = (
			);
			runOnlyForDeploymentPostprocessing = 0;
		};
		04CFDCF92D6E6ECD0085F500 /* Sources */ = {
			isa = PBXSourcesBuildPhase;
			buildActionMask = 2147483647;
			files = (
			);
			runOnlyForDeploymentPostprocessing = 0;
		};
		04CFDD032D6E6ECD0085F500 /* Sources */ = {
			isa = PBXSourcesBuildPhase;
			buildActionMask = 2147483647;
			files = (
			);
			runOnlyForDeploymentPostprocessing = 0;
		};
/* End PBXSourcesBuildPhase section */

/* Begin PBXTargetDependency section */
		04CFDCFF2D6E6ECD0085F500 /* PBXTargetDependency */ = {
			isa = PBXTargetDependency;
			target = 04CFDCEA2D6E6EC90085F500 /* Rundong */;
			targetProxy = 04CFDCFE2D6E6ECD0085F500 /* PBXContainerItemProxy */;
		};
		04CFDD092D6E6ECD0085F500 /* PBXTargetDependency */ = {
			isa = PBXTargetDependency;
			target = 04CFDCEA2D6E6EC90085F500 /* Rundong */;
			targetProxy = 04CFDD082D6E6ECD0085F500 /* PBXContainerItemProxy */;
		};
/* End PBXTargetDependency section */

/* Begin XCBuildConfiguration section */
		04CFDD0F2D6E6ECD0085F500 /* Debug */ = {
			isa = XCBuildConfiguration;
			buildSettings = {
				ALWAYS_SEARCH_USER_PATHS = NO;
				ASSETCATALOG_COMPILER_GENERATE_SWIFT_ASSET_SYMBOL_EXTENSIONS = YES;
				CLANG_ANALYZER_NONNULL = YES;
				CLANG_ANALYZER_NUMBER_OBJECT_CONVERSION = YES_AGGRESSIVE;
				CLANG_CXX_LANGUAGE_STANDARD = "gnu++20";
				CLANG_ENABLE_MODULES = YES;
				CLANG_ENABLE_OBJC_ARC = YES;
				CLANG_ENABLE_OBJC_WEAK = YES;
				CLANG_WARN_BLOCK_CAPTURE_AUTORELEASING = YES;
				CLANG_WARN_BOOL_CONVERSION = YES;
				CLANG_WARN_COMMA = YES;
				CLANG_WARN_CONSTANT_CONVERSION = YES;
				CLANG_WARN_DEPRECATED_OBJC_IMPLEMENTATIONS = YES;
				CLANG_WARN_DIRECT_OBJC_ISA_USAGE = YES_ERROR;
				CLANG_WARN_DOCUMENTATION_COMMENTS = YES;
				CLANG_WARN_EMPTY_BODY = YES;
				CLANG_WARN_ENUM_CONVERSION = YES;
				CLANG_WARN_INFINITE_RECURSION = YES;
				CLANG_WARN_INT_CONVERSION = YES;
				CLANG_WARN_NON_LITERAL_NULL_CONVERSION = YES;
				CLANG_WARN_OBJC_IMPLICIT_RETAIN_SELF = YES;
				CLANG_WARN_OBJC_LITERAL_CONVERSION = YES;
				CLANG_WARN_OBJC_ROOT_CLASS = YES_ERROR;
				CLANG_WARN_QUOTED_INCLUDE_IN_FRAMEWORK_HEADER = YES;
				CLANG_WARN_RANGE_LOOP_ANALYSIS = YES;
				CLANG_WARN_STRICT_PROTOTYPES = YES;
				CLANG_WARN_SUSPICIOUS_MOVE = YES;
				CLANG_WARN_UNGUARDED_AVAILABILITY = YES_AGGRESSIVE;
				CLANG_WARN_UNREACHABLE_CODE = YES;
				CLANG_WARN__DUPLICATE_METHOD_MATCH = YES;
				COPY_PHASE_STRIP = NO;
				DEBUG_INFORMATION_FORMAT = dwarf;
				ENABLE_STRICT_OBJC_MSGSEND = YES;
				ENABLE_TESTABILITY = YES;
				ENABLE_USER_SCRIPT_SANDBOXING = YES;
				GCC_C_LANGUAGE_STANDARD = gnu17;
				GCC_DYNAMIC_NO_PIC = NO;
				GCC_NO_COMMON_BLOCKS = YES;
				GCC_OPTIMIZATION_LEVEL = 0;
				GCC_PREPROCESSOR_DEFINITIONS = (
					"DEBUG=1",
					"$(inherited)",
				);
				GCC_WARN_64_TO_32_BIT_CONVERSION = YES;
				GCC_WARN_ABOUT_RETURN_TYPE = YES_ERROR;
				GCC_WARN_UNDECLARED_SELECTOR = YES;
				GCC_WARN_UNINITIALIZED_AUTOS = YES_AGGRESSIVE;
				GCC_WARN_UNUSED_FUNCTION = YES;
				GCC_WARN_UNUSED_VARIABLE = YES;
				IPHONEOS_DEPLOYMENT_TARGET = 18.2;
				LOCALIZATION_PREFERS_STRING_CATALOGS = YES;
				MTL_ENABLE_DEBUG_INFO = INCLUDE_SOURCE;
				MTL_FAST_MATH = YES;
				ONLY_ACTIVE_ARCH = YES;
				SDKROOT = iphoneos;
				SWIFT_ACTIVE_COMPILATION_CONDITIONS = "DEBUG $(inherited)";
				SWIFT_OPTIMIZATION_LEVEL = "-Onone";
			};
			name = Debug;
		};
		04CFDD102D6E6ECD0085F500 /* Release */ = {
			isa = XCBuildConfiguration;
			buildSettings = {
				ALWAYS_SEARCH_USER_PATHS = NO;
				ASSETCATALOG_COMPILER_GENERATE_SWIFT_ASSET_SYMBOL_EXTENSIONS = YES;
				CLANG_ANALYZER_NONNULL = YES;
				CLANG_ANALYZER_NUMBER_OBJECT_CONVERSION = YES_AGGRESSIVE;
				CLANG_CXX_LANGUAGE_STANDARD = "gnu++20";
				CLANG_ENABLE_MODULES = YES;
				CLANG_ENABLE_OBJC_ARC = YES;
				CLANG_ENABLE_OBJC_WEAK = YES;
				CLANG_WARN_BLOCK_CAPTURE_AUTORELEASING = YES;
				CLANG_WARN_BOOL_CONVERSION = YES;
				CLANG_WARN_COMMA = YES;
				CLANG_WARN_CONSTANT_CONVERSION = YES;
				CLANG_WARN_DEPRECATED_OBJC_IMPLEMENTATIONS = YES;
				CLANG_WARN_DIRECT_OBJC_ISA_USAGE = YES_ERROR;
				CLANG_WARN_DOCUMENTATION_COMMENTS = YES;
				CLANG_WARN_EMPTY_BODY = YES;
				CLANG_WARN_ENUM_CONVERSION = YES;
				CLANG_WARN_INFINITE_RECURSION = YES;
				CLANG_WARN_INT_CONVERSION = YES;
				CLANG_WARN_NON_LITERAL_NULL_CONVERSION = YES;
				CLANG_WARN_OBJC_IMPLICIT_RETAIN_SELF = YES;
				CLANG_WARN_OBJC_LITERAL_CONVERSION = YES;
				CLANG_WARN_OBJC_ROOT_CLASS = YES_ERROR;
				CLANG_WARN_QUOTED_INCLUDE_IN_FRAMEWORK_HEADER = YES;
				CLANG_WARN_RANGE_LOOP_ANALYSIS = YES;
				CLANG_WARN_STRICT_PROTOTYPES = YES;
				CLANG_WARN_SUSPICIOUS_MOVE = YES;
				CLANG_WARN_UNGUARDED_AVAILABILITY = YES_AGGRESSIVE;
				CLANG_WARN_UNREACHABLE_CODE = YES;
				CLANG_WARN__DUPLICATE_METHOD_MATCH = YES;
				COPY_PHASE_STRIP = NO;
				DEBUG_INFORMATION_FORMAT = "dwarf-with-dsym";
				ENABLE_NS_ASSERTIONS = NO;
				ENABLE_STRICT_OBJC_MSGSEND = YES;
				ENABLE_USER_SCRIPT_SANDBOXING = YES;
				GCC_C_LANGUAGE_STANDARD = gnu17;
				GCC_NO_COMMON_BLOCKS = YES;
				GCC_WARN_64_TO_32_BIT_CONVERSION = YES;
				GCC_WARN_ABOUT_RETURN_TYPE = YES_ERROR;
				GCC_WARN_UNDECLARED_SELECTOR = YES;
				GCC_WARN_UNINITIALIZED_AUTOS = YES_AGGRESSIVE;
				GCC_WARN_UNUSED_FUNCTION = YES;
				GCC_WARN_UNUSED_VARIABLE = YES;
				IPHONEOS_DEPLOYMENT_TARGET = 18.2;
				LOCALIZATION_PREFERS_STRING_CATALOGS = YES;
				MTL_ENABLE_DEBUG_INFO = NO;
				MTL_FAST_MATH = YES;
				SDKROOT = iphoneos;
				SWIFT_COMPILATION_MODE = wholemodule;
				VALIDATE_PRODUCT = YES;
			};
			name = Release;
		};
		04CFDD122D6E6ECD0085F500 /* Debug */ = {
			isa = XCBuildConfiguration;
			buildSettings = {
				ASSETCATALOG_COMPILER_APPICON_NAME = AppIcon;
				ASSETCATALOG_COMPILER_GLOBAL_ACCENT_COLOR_NAME = AccentColor;
				CODE_SIGN_STYLE = Automatic;
				CURRENT_PROJECT_VERSION = 1;
				DEVELOPMENT_ASSET_PATHS = "\"Rundong/Preview Content\"";
				ENABLE_PREVIEWS = YES;
				GENERATE_INFOPLIST_FILE = YES;
				INFOPLIST_FILE = Rundong/Info.plist;
				INFOPLIST_KEY_UIApplicationSceneManifest_Generation = YES;
				INFOPLIST_KEY_UIApplicationSupportsIndirectInputEvents = YES;
				INFOPLIST_KEY_UILaunchScreen_Generation = YES;
				INFOPLIST_KEY_UISupportedInterfaceOrientations_iPad = "UIInterfaceOrientationPortrait UIInterfaceOrientationPortraitUpsideDown UIInterfaceOrientationLandscapeLeft UIInterfaceOrientationLandscapeRight";
				INFOPLIST_KEY_UISupportedInterfaceOrientations_iPhone = "UIInterfaceOrientationPortrait UIInterfaceOrientationLandscapeLeft UIInterfaceOrientationLandscapeRight";
				IPHONEOS_DEPLOYMENT_TARGET = 18.0;
				LD_RUNPATH_SEARCH_PATHS = (
					"$(inherited)",
					"@executable_path/Frameworks",
				);
				MARKETING_VERSION = 1.0;
				PRODUCT_BUNDLE_IDENTIFIER = edu.duke.rw310.Rundong;
				PRODUCT_NAME = "$(TARGET_NAME)";
				SWIFT_EMIT_LOC_STRINGS = YES;
				SWIFT_VERSION = 5.0;
				TARGETED_DEVICE_FAMILY = "1,2";
			};
			name = Debug;
		};
		04CFDD132D6E6ECD0085F500 /* Release */ = {
			isa = XCBuildConfiguration;
			buildSettings = {
				ASSETCATALOG_COMPILER_APPICON_NAME = AppIcon;
				ASSETCATALOG_COMPILER_GLOBAL_ACCENT_COLOR_NAME = AccentColor;
				CODE_SIGN_STYLE = Automatic;
				CURRENT_PROJECT_VERSION = 1;
				DEVELOPMENT_ASSET_PATHS = "\"Rundong/Preview Content\"";
				ENABLE_PREVIEWS = YES;
				GENERATE_INFOPLIST_FILE = YES;
				INFOPLIST_FILE = Rundong/Info.plist;
				INFOPLIST_KEY_UIApplicationSceneManifest_Generation = YES;
				INFOPLIST_KEY_UIApplicationSupportsIndirectInputEvents = YES;
				INFOPLIST_KEY_UILaunchScreen_Generation = YES;
				INFOPLIST_KEY_UISupportedInterfaceOrientations_iPad = "UIInterfaceOrientationPortrait UIInterfaceOrientationPortraitUpsideDown UIInterfaceOrientationLandscapeLeft UIInterfaceOrientationLandscapeRight";
				INFOPLIST_KEY_UISupportedInterfaceOrientations_iPhone = "UIInterfaceOrientationPortrait UIInterfaceOrientationLandscapeLeft UIInterfaceOrientationLandscapeRight";
				IPHONEOS_DEPLOYMENT_TARGET = 18.0;
				LD_RUNPATH_SEARCH_PATHS = (
					"$(inherited)",
					"@executable_path/Frameworks",
				);
				MARKETING_VERSION = 1.0;
				PRODUCT_BUNDLE_IDENTIFIER = edu.duke.rw310.Rundong;
				PRODUCT_NAME = "$(TARGET_NAME)";
				SWIFT_EMIT_LOC_STRINGS = YES;
				SWIFT_VERSION = 5.0;
				TARGETED_DEVICE_FAMILY = "1,2";
			};
			name = Release;
		};
		04CFDD152D6E6ECD0085F500 /* Debug */ = {
			isa = XCBuildConfiguration;
			buildSettings = {
				BUNDLE_LOADER = "$(TEST_HOST)";
				CODE_SIGN_STYLE = Automatic;
				CURRENT_PROJECT_VERSION = 1;
				GENERATE_INFOPLIST_FILE = YES;
				IPHONEOS_DEPLOYMENT_TARGET = 18.2;
				MARKETING_VERSION = 1.0;
				PRODUCT_BUNDLE_IDENTIFIER = edu.duke.rw310.RundongTests;
				PRODUCT_NAME = "$(TARGET_NAME)";
				SWIFT_EMIT_LOC_STRINGS = NO;
				SWIFT_VERSION = 5.0;
				TARGETED_DEVICE_FAMILY = "1,2";
				TEST_HOST = "$(BUILT_PRODUCTS_DIR)/Rundong.app/$(BUNDLE_EXECUTABLE_FOLDER_PATH)/Rundong";
			};
			name = Debug;
		};
		04CFDD162D6E6ECD0085F500 /* Release */ = {
			isa = XCBuildConfiguration;
			buildSettings = {
				BUNDLE_LOADER = "$(TEST_HOST)";
				CODE_SIGN_STYLE = Automatic;
				CURRENT_PROJECT_VERSION = 1;
				GENERATE_INFOPLIST_FILE = YES;
				IPHONEOS_DEPLOYMENT_TARGET = 18.2;
				MARKETING_VERSION = 1.0;
				PRODUCT_BUNDLE_IDENTIFIER = edu.duke.rw310.RundongTests;
				PRODUCT_NAME = "$(TARGET_NAME)";
				SWIFT_EMIT_LOC_STRINGS = NO;
				SWIFT_VERSION = 5.0;
				TARGETED_DEVICE_FAMILY = "1,2";
				TEST_HOST = "$(BUILT_PRODUCTS_DIR)/Rundong.app/$(BUNDLE_EXECUTABLE_FOLDER_PATH)/Rundong";
			};
			name = Release;
		};
		04CFDD182D6E6ECD0085F500 /* Debug */ = {
			isa = XCBuildConfiguration;
			buildSettings = {
				CODE_SIGN_STYLE = Automatic;
				CURRENT_PROJECT_VERSION = 1;
				GENERATE_INFOPLIST_FILE = YES;
				MARKETING_VERSION = 1.0;
				PRODUCT_BUNDLE_IDENTIFIER = edu.duke.rw310.RundongUITests;
				PRODUCT_NAME = "$(TARGET_NAME)";
				SWIFT_EMIT_LOC_STRINGS = NO;
				SWIFT_VERSION = 5.0;
				TARGETED_DEVICE_FAMILY = "1,2";
				TEST_TARGET_NAME = Rundong;
			};
			name = Debug;
		};
		04CFDD192D6E6ECD0085F500 /* Release */ = {
			isa = XCBuildConfiguration;
			buildSettings = {
				CODE_SIGN_STYLE = Automatic;
				CURRENT_PROJECT_VERSION = 1;
				GENERATE_INFOPLIST_FILE = YES;
				MARKETING_VERSION = 1.0;
				PRODUCT_BUNDLE_IDENTIFIER = edu.duke.rw310.RundongUITests;
				PRODUCT_NAME = "$(TARGET_NAME)";
				SWIFT_EMIT_LOC_STRINGS = NO;
				SWIFT_VERSION = 5.0;
				TARGETED_DEVICE_FAMILY = "1,2";
				TEST_TARGET_NAME = Rundong;
			};
			name = Release;
		};
/* End XCBuildConfiguration section */

/* Begin XCConfigurationList section */
		04CFDCE62D6E6EC90085F500 /* Build configuration list for PBXProject "Rundong" */ = {
			isa = XCConfigurationList;
			buildConfigurations = (
				04CFDD0F2D6E6ECD0085F500 /* Debug */,
				04CFDD102D6E6ECD0085F500 /* Release */,
			);
			defaultConfigurationIsVisible = 0;
			defaultConfigurationName = Release;
		};
		04CFDD112D6E6ECD0085F500 /* Build configuration list for PBXNativeTarget "Rundong" */ = {
			isa = XCConfigurationList;
			buildConfigurations = (
				04CFDD122D6E6ECD0085F500 /* Debug */,
				04CFDD132D6E6ECD0085F500 /* Release */,
			);
			defaultConfigurationIsVisible = 0;
			defaultConfigurationName = Release;
		};
		04CFDD142D6E6ECD0085F500 /* Build configuration list for PBXNativeTarget "RundongTests" */ = {
			isa = XCConfigurationList;
			buildConfigurations = (
				04CFDD152D6E6ECD0085F500 /* Debug */,
				04CFDD162D6E6ECD0085F500 /* Release */,
			);
			defaultConfigurationIsVisible = 0;
			defaultConfigurationName = Release;
		};
		04CFDD172D6E6ECD0085F500 /* Build configuration list for PBXNativeTarget "RundongUITests" */ = {
			isa = XCConfigurationList;
			buildConfigurations = (
				04CFDD182D6E6ECD0085F500 /* Debug */,
				04CFDD192D6E6ECD0085F500 /* Release */,
			);
			defaultConfigurationIsVisible = 0;
			defaultConfigurationName = Release;
		};
/* End XCConfigurationList section */

/* Begin XCRemoteSwiftPackageReference section */
		04CFDDBF2D6E89BA0085F500 /* XCRemoteSwiftPackageReference "ece564login" */ = {
			isa = XCRemoteSwiftPackageReference;
			repositoryURL = "git@gitlab.oit.duke.edu:kits/ECE-564-01-Sp25/ece564login.git";
			requirement = {
				branch = main;
				kind = branch;
			};
		};
/* End XCRemoteSwiftPackageReference section */

/* Begin XCSwiftPackageProductDependency section */
		04CFDDC02D6E89BA0085F500 /* ECE564Login */ = {
			isa = XCSwiftPackageProductDependency;
			package = 04CFDDBF2D6E89BA0085F500 /* XCRemoteSwiftPackageReference "ece564login" */;
			productName = ECE564Login;
		};
/* End XCSwiftPackageProductDependency section */
	};
	rootObject = 04CFDCE32D6E6EC90085F500 /* Project object */;
}
